
Microsoft Visual Studio Solution File, Format Version 12.00
# Visual Studio 15
Project("{FAE04EC0-301F-11D3-BF4B-00C04F79EFBC}") = "spine-unity-examples", "spine-unity-examples.csproj", "{9793EEC1-6983-6F5C-0F82-893D6F9F0660}"
EndProject
Project("{FAE04EC0-301F-11D3-BF4B-00C04F79EFBC}") = "spine-unity", "spine-unity.csproj", "{280FBC69-EFF2-86A3-C9B7-9105FE0C0BE9}"
EndProject
Project("{FAE04EC0-301F-11D3-BF4B-00C04F79EFBC}") = "spine-unity-editor", "spine-unity-editor.csproj", "{8A96F918-21B4-2D5B-9AB1-927EC4AAD69B}"
EndProject
Project("{FAE04EC0-301F-11D3-BF4B-00C04F79EFBC}") = "Assembly-CSharp", "Assembly-CSharp.csproj", "{2DD59373-ACCE-44C6-AAFA-39EC0C110E44}"
EndProject
Project("{FAE04EC0-301F-11D3-BF4B-00C04F79EFBC}") = "Assembly-CSharp-Editor", "Assembly-CSharp-Editor.csproj", "{D11E08D0-775E-D4F1-0BC4-6E8827E528AE}"
EndProject
Project("{FAE04EC0-301F-11D3-BF4B-00C04F79EFBC}") = "spine-unity-examples-editor", "spine-unity-examples-editor.csproj", "{8974678C-9E0D-86AA-78E6-390C9A3C8A7B}"
EndProject
Global
	GlobalSection(SolutionConfigurationPlatforms) = preSolution
		Debug|Any CPU = Debug|Any CPU
		Release|Any CPU = Release|Any CPU
	EndGlobalSection
	GlobalSection(ProjectConfigurationPlatforms) = postSolution
		{9793EEC1-6983-6F5C-0F82-893D6F9F0660}.Debug|Any CPU.ActiveCfg = Debug|Any CPU
		{9793EEC1-6983-6F5C-0F82-893D6F9F0660}.Debug|Any CPU.Build.0 = Debug|Any CPU
		{9793EEC1-6983-6F5C-0F82-893D6F9F0660}.Release|Any CPU.ActiveCfg = Release|Any CPU
		{9793EEC1-6983-6F5C-0F82-893D6F9F0660}.Release|Any CPU.Build.0 = Release|Any CPU
		{280FBC69-EFF2-86A3-C9B7-9105FE0C0BE9}.Debug|Any CPU.ActiveCfg = Debug|Any CPU
		{280FBC69-EFF2-86A3-C9B7-9105FE0C0BE9}.Debug|Any CPU.Build.0 = Debug|Any CPU
		{280FBC69-EFF2-86A3-C9B7-9105FE0C0BE9}.Release|Any CPU.ActiveCfg = Release|Any CPU
		{280FBC69-EFF2-86A3-C9B7-9105FE0C0BE9}.Release|Any CPU.Build.0 = Release|Any CPU
		{8A96F918-21B4-2D5B-9AB1-927EC4AAD69B}.Debug|Any CPU.ActiveCfg = Debug|Any CPU
		{8A96F918-21B4-2D5B-9AB1-927EC4AAD69B}.Debug|Any CPU.Build.0 = Debug|Any CPU
		{8A96F918-21B4-2D5B-9AB1-927EC4AAD69B}.Release|Any CPU.ActiveCfg = Release|Any CPU
		{8A96F918-21B4-2D5B-9AB1-927EC4AAD69B}.Release|Any CPU.Build.0 = Release|Any CPU
		{2DD59373-ACCE-44C6-AAFA-39EC0C110E44}.Debug|Any CPU.ActiveCfg = Debug|Any CPU
		{2DD59373-ACCE-44C6-AAFA-39EC0C110E44}.Debug|Any CPU.Build.0 = Debug|Any CPU
		{2DD59373-ACCE-44C6-AAFA-39EC0C110E44}.Release|Any CPU.ActiveCfg = Release|Any CPU
		{2DD59373-ACCE-44C6-AAFA-39EC0C110E44}.Release|Any CPU.Build.0 = Release|Any CPU
		{D11E08D0-775E-D4F1-0BC4-6E8827E528AE}.Debug|Any CPU.ActiveCfg = Debug|Any CPU
		{D11E08D0-775E-D4F1-0BC4-6E8827E528AE}.Debug|Any CPU.Build.0 = Debug|Any CPU
		{D11E08D0-775E-D4F1-0BC4-6E8827E528AE}.Release|Any CPU.ActiveCfg = Release|Any CPU
		{D11E08D0-775E-D4F1-0BC4-6E8827E528AE}.Release|Any CPU.Build.0 = Release|Any CPU
		{8974678C-9E0D-86AA-78E6-390C9A3C8A7B}.Debug|Any CPU.ActiveCfg = Debug|Any CPU
		{8974678C-9E0D-86AA-78E6-390C9A3C8A7B}.Debug|Any CPU.Build.0 = Debug|Any CPU
		{8974678C-9E0D-86AA-78E6-390C9A3C8A7B}.Release|Any CPU.ActiveCfg = Release|Any CPU
		{8974678C-9E0D-86AA-78E6-390C9A3C8A7B}.Release|Any CPU.Build.0 = Release|Any CPU
	EndGlobalSection
	GlobalSection(SolutionProperties) = preSolution
		HideSolutionNode = FALSE
	EndGlobalSection
EndGlobal
